
Microsoft Visual Studio Solution File, Format Version 12.00
# Visual Studio 15
VisualStudioVersion = 15.0.28307.1082
MinimumVisualStudioVersion = 10.0.40219.1
Project("{FAE04EC0-301F-11D3-BF4B-00C04F79EFBC}") = "MobileScanApp.UWP", "MobileScanApp\MobileScanApp.UWP\MobileScanApp.UWP.csproj", "{ADD08984-113F-4D76-A917-9B328CEAD81D}"
EndProject
Project("{FAE04EC0-301F-11D3-BF4B-00C04F79EFBC}") = "MobileScanApp.Android", "MobileScanApp\MobileScanApp.Android\MobileScanApp.Android.csproj", "{C81AE340-D274-4310-841E-B47B8F970490}"
EndProject
Project("{FAE04EC0-301F-11D3-BF4B-00C04F79EFBC}") = "MobileScanApp.iOS", "MobileScanApp\MobileScanApp.iOS\MobileScanApp.iOS.csproj", "{66A2B399-8C22-4E70-81A4-28A30B98CD08}"
EndProject
Project("{9A19103F-16F7-4668-BE54-9A1E7A4F7556}") = "MobileScanApp", "MobileScanApp\MobileScanApp\MobileScanApp.csproj", "{471F6717-1C05-4C2B-937E-AF1B00B7984D}"
EndProject
Global
	GlobalSection(SolutionConfigurationPlatforms) = preSolution
		Debug|Any CPU = Debug|Any CPU
		Debug|ARM = Debug|ARM
		Debug|iPhone = Debug|iPhone
		Debug|iPhoneSimulator = Debug|iPhoneSimulator
		Debug|x64 = Debug|x64
		Debug|x86 = Debug|x86
		Release|Any CPU = Release|Any CPU
		Release|ARM = Release|ARM
		Release|iPhone = Release|iPhone
		Release|iPhoneSimulator = Release|iPhoneSimulator
		Release|x64 = Release|x64
		Release|x86 = Release|x86
	EndGlobalSection
	GlobalSection(ProjectConfigurationPlatforms) = postSolution
		{ADD08984-113F-4D76-A917-9B328CEAD81D}.Debug|Any CPU.ActiveCfg = Debug|x86
		{ADD08984-113F-4D76-A917-9B328CEAD81D}.Debug|Any CPU.Build.0 = Debug|x86
		{ADD08984-113F-4D76-A917-9B328CEAD81D}.Debug|Any CPU.Deploy.0 = Debug|x86
		{ADD08984-113F-4D76-A917-9B328CEAD81D}.Debug|ARM.ActiveCfg = Debug|ARM
		{ADD08984-113F-4D76-A917-9B328CEAD81D}.Debug|ARM.Build.0 = Debug|ARM
		{ADD08984-113F-4D76-A917-9B328CEAD81D}.Debug|ARM.Deploy.0 = Debug|ARM
		{ADD08984-113F-4D76-A917-9B328CEAD81D}.Debug|iPhone.ActiveCfg = Debug|x86
		{ADD08984-113F-4D76-A917-9B328CEAD81D}.Debug|iPhone.Build.0 = Debug|x86
		{ADD08984-113F-4D76-A917-9B328CEAD81D}.Debug|iPhone.Deploy.0 = Debug|x86
		{ADD08984-113F-4D76-A917-9B328CEAD81D}.Debug|iPhoneSimulator.ActiveCfg = Debug|x86
		{ADD08984-113F-4D76-A917-9B328CEAD81D}.Debug|iPhoneSimulator.Build.0 = Debug|x86
		{ADD08984-113F-4D76-A917-9B328CEAD81D}.Debug|iPhoneSimulator.Deploy.0 = Debug|x86
		{ADD08984-113F-4D76-A917-9B328CEAD81D}.Debug|x64.ActiveCfg = Debug|x64
		{ADD08984-113F-4D76-A917-9B328CEAD81D}.Debug|x64.Build.0 = Debug|x64
		{ADD08984-113F-4D76-A917-9B328CEAD81D}.Debug|x64.Deploy.0 = Debug|x64
		{ADD08984-113F-4D76-A917-9B328CEAD81D}.Debug|x86.ActiveCfg = Debug|x86
		{ADD08984-113F-4D76-A917-9B328CEAD81D}.Debug|x86.Build.0 = Debug|x86
		{ADD08984-113F-4D76-A917-9B328CEAD81D}.Debug|x86.Deploy.0 = Debug|x86
		{ADD08984-113F-4D76-A917-9B328CEAD81D}.Release|Any CPU.ActiveCfg = Release|x86
		{ADD08984-113F-4D76-A917-9B328CEAD81D}.Release|Any CPU.Build.0 = Release|x86
		{ADD08984-113F-4D76-A917-9B328CEAD81D}.Release|Any CPU.Deploy.0 = Release|x86
		{ADD08984-113F-4D76-A917-9B328CEAD81D}.Release|ARM.ActiveCfg = Release|ARM
		{ADD08984-113F-4D76-A917-9B328CEAD81D}.Release|ARM.Build.0 = Release|ARM
		{ADD08984-113F-4D76-A917-9B328CEAD81D}.Release|ARM.Deploy.0 = Release|ARM
		{ADD08984-113F-4D76-A917-9B328CEAD81D}.Release|iPhone.ActiveCfg = Release|x86
		{ADD08984-113F-4D76-A917-9B328CEAD81D}.Release|iPhone.Build.0 = Release|x86
		{ADD08984-113F-4D76-A917-9B328CEAD81D}.Release|iPhone.Deploy.0 = Release|x86
		{ADD08984-113F-4D76-A917-9B328CEAD81D}.Release|iPhoneSimulator.ActiveCfg = Release|x86
		{ADD08984-113F-4D76-A917-9B328CEAD81D}.Release|iPhoneSimulator.Build.0 = Release|x86
		{ADD08984-113F-4D76-A917-9B328CEAD81D}.Release|iPhoneSimulator.Deploy.0 = Release|x86
		{ADD08984-113F-4D76-A917-9B328CEAD81D}.Release|x64.ActiveCfg = Release|x64
		{ADD08984-113F-4D76-A917-9B328CEAD81D}.Release|x64.Build.0 = Release|x64
		{ADD08984-113F-4D76-A917-9B328CEAD81D}.Release|x64.Deploy.0 = Release|x64
		{ADD08984-113F-4D76-A917-9B328CEAD81D}.Release|x86.ActiveCfg = Release|x86
		{ADD08984-113F-4D76-A917-9B328CEAD81D}.Release|x86.Build.0 = Release|x86
		{ADD08984-113F-4D76-A917-9B328CEAD81D}.Release|x86.Deploy.0 = Release|x86
		{C81AE340-D274-4310-841E-B47B8F970490}.Debug|Any CPU.ActiveCfg = Debug|Any CPU
		{C81AE340-D274-4310-841E-B47B8F970490}.Debug|Any CPU.Build.0 = Debug|Any CPU
		{C81AE340-D274-4310-841E-B47B8F970490}.Debug|Any CPU.Deploy.0 = Debug|Any CPU
		{C81AE340-D274-4310-841E-B47B8F970490}.Debug|ARM.ActiveCfg = Debug|Any CPU
		{C81AE340-D274-4310-841E-B47B8F970490}.Debug|ARM.Build.0 = Debug|Any CPU
		{C81AE340-D274-4310-841E-B47B8F970490}.Debug|ARM.Deploy.0 = Debug|Any CPU
		{C81AE340-D274-4310-841E-B47B8F970490}.Debug|iPhone.ActiveCfg = Debug|Any CPU
		{C81AE340-D274-4310-841E-B47B8F970490}.Debug|iPhone.Build.0 = Debug|Any CPU
		{C81AE340-D274-4310-841E-B47B8F970490}.Debug|iPhone.Deploy.0 = Debug|Any CPU
		{C81AE340-D274-4310-841E-B47B8F970490}.Debug|iPhoneSimulator.ActiveCfg = Debug|Any CPU
		{C81AE340-D274-4310-841E-B47B8F970490}.Debug|iPhoneSimulator.Build.0 = Debug|Any CPU
		{C81AE340-D274-4310-841E-B47B8F970490}.Debug|iPhoneSimulator.Deploy.0 = Debug|Any CPU
		{C81AE340-D274-4310-841E-B47B8F970490}.Debug|x64.ActiveCfg = Debug|Any CPU
		{C81AE340-D274-4310-841E-B47B8F970490}.Debug|x64.Build.0 = Debug|Any CPU
		{C81AE340-D274-4310-841E-B47B8F970490}.Debug|x64.Deploy.0 = Debug|Any CPU
		{C81AE340-D274-4310-841E-B47B8F970490}.Debug|x86.ActiveCfg = Debug|Any CPU
		{C81AE340-D274-4310-841E-B47B8F970490}.Debug|x86.Build.0 = Debug|Any CPU
		{C81AE340-D274-4310-841E-B47B8F970490}.Debug|x86.Deploy.0 = Debug|Any CPU
		{C81AE340-D274-4310-841E-B47B8F970490}.Release|Any CPU.ActiveCfg = Release|Any CPU
		{C81AE340-D274-4310-841E-B47B8F970490}.Release|Any CPU.Build.0 = Release|Any CPU
		{C81AE340-D274-4310-841E-B47B8F970490}.Release|Any CPU.Deploy.0 = Release|Any CPU
		{C81AE340-D274-4310-841E-B47B8F970490}.Release|ARM.ActiveCfg = Release|Any CPU
		{C81AE340-D274-4310-841E-B47B8F970490}.Release|ARM.Build.0 = Release|Any CPU
		{C81AE340-D274-4310-841E-B47B8F970490}.Release|ARM.Deploy.0 = Release|Any CPU
		{C81AE340-D274-4310-841E-B47B8F970490}.Release|iPhone.ActiveCfg = Release|Any CPU
		{C81AE340-D274-4310-841E-B47B8F970490}.Release|iPhone.Build.0 = Release|Any CPU
		{C81AE340-D274-4310-841E-B47B8F970490}.Release|iPhone.Deploy.0 = Release|Any CPU
		{C81AE340-D274-4310-841E-B47B8F970490}.Release|iPhoneSimulator.ActiveCfg = Release|Any CPU
		{C81AE340-D274-4310-841E-B47B8F970490}.Release|iPhoneSimulator.Build.0 = Release|Any CPU
		{C81AE340-D274-4310-841E-B47B8F970490}.Release|iPhoneSimulator.Deploy.0 = Release|Any CPU
		{C81AE340-D274-4310-841E-B47B8F970490}.Release|x64.ActiveCfg = Release|Any CPU
		{C81AE340-D274-4310-841E-B47B8F970490}.Release|x64.Build.0 = Release|Any CPU
		{C81AE340-D274-4310-841E-B47B8F970490}.Release|x64.Deploy.0 = Release|Any CPU
		{C81AE340-D274-4310-841E-B47B8F970490}.Release|x86.ActiveCfg = Release|Any CPU
		{C81AE340-D274-4310-841E-B47B8F970490}.Release|x86.Build.0 = Release|Any CPU
		{C81AE340-D274-4310-841E-B47B8F970490}.Release|x86.Deploy.0 = Release|Any CPU
		{66A2B399-8C22-4E70-81A4-28A30B98CD08}.Debug|Any CPU.ActiveCfg = Debug|iPhoneSimulator
		{66A2B399-8C22-4E70-81A4-28A30B98CD08}.Debug|Any CPU.Build.0 = Debug|iPhoneSimulator
		{66A2B399-8C22-4E70-81A4-28A30B98CD08}.Debug|Any CPU.Deploy.0 = Debug|iPhoneSimulator
		{66A2B399-8C22-4E70-81A4-28A30B98CD08}.Debug|ARM.ActiveCfg = Debug|iPhone
		{66A2B399-8C22-4E70-81A4-28A30B98CD08}.Debug|ARM.Build.0 = Debug|iPhone
		{66A2B399-8C22-4E70-81A4-28A30B98CD08}.Debug|ARM.Deploy.0 = Debug|iPhone
		{66A2B399-8C22-4E70-81A4-28A30B98CD08}.Debug|iPhone.ActiveCfg = Debug|iPhone
		{66A2B399-8C22-4E70-81A4-28A30B98CD08}.Debug|iPhone.Build.0 = Debug|iPhone
		{66A2B399-8C22-4E70-81A4-28A30B98CD08}.Debug|iPhone.Deploy.0 = Debug|iPhone
		{66A2B399-8C22-4E70-81A4-28A30B98CD08}.Debug|iPhoneSimulator.ActiveCfg = Debug|iPhoneSimulator
		{66A2B399-8C22-4E70-81A4-28A30B98CD08}.Debug|iPhoneSimulator.Build.0 = Debug|iPhoneSimulator
		{66A2B399-8C22-4E70-81A4-28A30B98CD08}.Debug|iPhoneSimulator.Deploy.0 = Debug|iPhoneSimulator
		{66A2B399-8C22-4E70-81A4-28A30B98CD08}.Debug|x64.ActiveCfg = Debug|iPhoneSimulator
		{66A2B399-8C22-4E70-81A4-28A30B98CD08}.Debug|x64.Build.0 = Debug|iPhoneSimulator
		{66A2B399-8C22-4E70-81A4-28A30B98CD08}.Debug|x64.Deploy.0 = Debug|iPhoneSimulator
		{66A2B399-8C22-4E70-81A4-28A30B98CD08}.Debug|x86.ActiveCfg = Debug|iPhoneSimulator
		{66A2B399-8C22-4E70-81A4-28A30B98CD08}.Debug|x86.Build.0 = Debug|iPhoneSimulator
		{66A2B399-8C22-4E70-81A4-28A30B98CD08}.Debug|x86.Deploy.0 = Debug|iPhoneSimulator
		{66A2B399-8C22-4E70-81A4-28A30B98CD08}.Release|Any CPU.ActiveCfg = Release|iPhoneSimulator
		{66A2B399-8C22-4E70-81A4-28A30B98CD08}.Release|Any CPU.Build.0 = Release|iPhoneSimulator
		{66A2B399-8C22-4E70-81A4-28A30B98CD08}.Release|Any CPU.Deploy.0 = Release|iPhoneSimulator
		{66A2B399-8C22-4E70-81A4-28A30B98CD08}.Release|ARM.ActiveCfg = Release|iPhoneSimulator
		{66A2B399-8C22-4E70-81A4-28A30B98CD08}.Release|ARM.Build.0 = Release|iPhoneSimulator
		{66A2B399-8C22-4E70-81A4-28A30B98CD08}.Release|ARM.Deploy.0 = Release|iPhoneSimulator
		{66A2B399-8C22-4E70-81A4-28A30B98CD08}.Release|iPhone.ActiveCfg = Release|iPhone
		{66A2B399-8C22-4E70-81A4-28A30B98CD08}.Release|iPhone.Build.0 = Release|iPhone
		{66A2B399-8C22-4E70-81A4-28A30B98CD08}.Release|iPhone.Deploy.0 = Release|iPhone
		{66A2B399-8C22-4E70-81A4-28A30B98CD08}.Release|iPhoneSimulator.ActiveCfg = Release|iPhoneSimulator
		{66A2B399-8C22-4E70-81A4-28A30B98CD08}.Release|iPhoneSimulator.Build.0 = Release|iPhoneSimulator
		{66A2B399-8C22-4E70-81A4-28A30B98CD08}.Release|iPhoneSimulator.Deploy.0 = Release|iPhoneSimulator
		{66A2B399-8C22-4E70-81A4-28A30B98CD08}.Release|x64.ActiveCfg = Release|iPhoneSimulator
		{66A2B399-8C22-4E70-81A4-28A30B98CD08}.Release|x64.Build.0 = Release|iPhoneSimulator
		{66A2B399-8C22-4E70-81A4-28A30B98CD08}.Release|x64.Deploy.0 = Release|iPhoneSimulator
		{66A2B399-8C22-4E70-81A4-28A30B98CD08}.Release|x86.ActiveCfg = Release|iPhoneSimulator
		{66A2B399-8C22-4E70-81A4-28A30B98CD08}.Release|x86.Build.0 = Release|iPhoneSimulator
		{66A2B399-8C22-4E70-81A4-28A30B98CD08}.Release|x86.Deploy.0 = Release|iPhoneSimulator
		{471F6717-1C05-4C2B-937E-AF1B00B7984D}.Debug|Any CPU.ActiveCfg = Debug|Any CPU
		{471F6717-1C05-4C2B-937E-AF1B00B7984D}.Debug|Any CPU.Build.0 = Debug|Any CPU
		{471F6717-1C05-4C2B-937E-AF1B00B7984D}.Debug|Any CPU.Deploy.0 = Debug|Any CPU
		{471F6717-1C05-4C2B-937E-AF1B00B7984D}.Debug|ARM.ActiveCfg = Debug|Any CPU
		{471F6717-1C05-4C2B-937E-AF1B00B7984D}.Debug|ARM.Build.0 = Debug|Any CPU
		{471F6717-1C05-4C2B-937E-AF1B00B7984D}.Debug|ARM.Deploy.0 = Debug|Any CPU
		{471F6717-1C05-4C2B-937E-AF1B00B7984D}.Debug|iPhone.ActiveCfg = Debug|Any CPU
		{471F6717-1C05-4C2B-937E-AF1B00B7984D}.Debug|iPhone.Build.0 = Debug|Any CPU
		{471F6717-1C05-4C2B-937E-AF1B00B7984D}.Debug|iPhone.Deploy.0 = Debug|Any CPU
		{471F6717-1C05-4C2B-937E-AF1B00B7984D}.Debug|iPhoneSimulator.ActiveCfg = Debug|Any CPU
		{471F6717-1C05-4C2B-937E-AF1B00B7984D}.Debug|iPhoneSimulator.Build.0 = Debug|Any CPU
		{471F6717-1C05-4C2B-937E-AF1B00B7984D}.Debug|iPhoneSimulator.Deploy.0 = Debug|Any CPU
		{471F6717-1C05-4C2B-937E-AF1B00B7984D}.Debug|x64.ActiveCfg = Debug|Any CPU
		{471F6717-1C05-4C2B-937E-AF1B00B7984D}.Debug|x64.Build.0 = Debug|Any CPU
		{471F6717-1C05-4C2B-937E-AF1B00B7984D}.Debug|x64.Deploy.0 = Debug|Any CPU
		{471F6717-1C05-4C2B-937E-AF1B00B7984D}.Debug|x86.ActiveCfg = Debug|Any CPU
		{471F6717-1C05-4C2B-937E-AF1B00B7984D}.Debug|x86.Build.0 = Debug|Any CPU
		{471F6717-1C05-4C2B-937E-AF1B00B7984D}.Debug|x86.Deploy.0 = Debug|Any CPU
		{471F6717-1C05-4C2B-937E-AF1B00B7984D}.Release|Any CPU.ActiveCfg = Release|Any CPU
		{471F6717-1C05-4C2B-937E-AF1B00B7984D}.Release|Any CPU.Build.0 = Release|Any CPU
		{471F6717-1C05-4C2B-937E-AF1B00B7984D}.Release|Any CPU.Deploy.0 = Release|Any CPU
		{471F6717-1C05-4C2B-937E-AF1B00B7984D}.Release|ARM.ActiveCfg = Release|Any CPU
		{471F6717-1C05-4C2B-937E-AF1B00B7984D}.Release|ARM.Build.0 = Release|Any CPU
		{471F6717-1C05-4C2B-937E-AF1B00B7984D}.Release|ARM.Deploy.0 = Release|Any CPU
		{471F6717-1C05-4C2B-937E-AF1B00B7984D}.Release|iPhone.ActiveCfg = Release|Any CPU
		{471F6717-1C05-4C2B-937E-AF1B00B7984D}.Release|iPhone.Build.0 = Release|Any CPU
		{471F6717-1C05-4C2B-937E-AF1B00B7984D}.Release|iPhone.Deploy.0 = Release|Any CPU
		{471F6717-1C05-4C2B-937E-AF1B00B7984D}.Release|iPhoneSimulator.ActiveCfg = Release|Any CPU
		{471F6717-1C05-4C2B-937E-AF1B00B7984D}.Release|iPhoneSimulator.Build.0 = Release|Any CPU
		{471F6717-1C05-4C2B-937E-AF1B00B7984D}.Release|iPhoneSimulator.Deploy.0 = Release|Any CPU
		{471F6717-1C05-4C2B-937E-AF1B00B7984D}.Release|x64.ActiveCfg = Release|Any CPU
		{471F6717-1C05-4C2B-937E-AF1B00B7984D}.Release|x64.Build.0 = Release|Any CPU
		{471F6717-1C05-4C2B-937E-AF1B00B7984D}.Release|x64.Deploy.0 = Release|Any CPU
		{471F6717-1C05-4C2B-937E-AF1B00B7984D}.Release|x86.ActiveCfg = Release|Any CPU
		{471F6717-1C05-4C2B-937E-AF1B00B7984D}.Release|x86.Build.0 = Release|Any CPU
		{471F6717-1C05-4C2B-937E-AF1B00B7984D}.Release|x86.Deploy.0 = Release|Any CPU
	EndGlobalSection
	GlobalSection(SolutionProperties) = preSolution
		HideSolutionNode = FALSE
	EndGlobalSection
	GlobalSection(ExtensibilityGlobals) = postSolution
		SolutionGuid = {4690423E-D1B6-4936-B1AA-2E32AE387C17}
	EndGlobalSection
EndGlobal
